
Microsoft Visual Studio Solution File, Format Version 12.00
# Visual Studio Version 17
VisualStudioVersion = 17.13.35919.96 d17.13
MinimumVisualStudioVersion = 10.0.40219.1
Project("{FAE04EC0-301F-11D3-BF4B-00C04F79EFBC}") = "Practica 17", "Practica 17.csproj", "{B66D04C1-1300-4CDA-991E-7816B8B52E69}"
EndProject
Global
	GlobalSection(SolutionConfigurationPlatforms) = preSolution
		Debug|Any CPU = Debug|Any CPU
		Release|Any CPU = Release|Any CPU
	EndGlobalSection
	GlobalSection(ProjectConfigurationPlatforms) = postSolution
		{B66D04C1-1300-4CDA-991E-7816B8B52E69}.Debug|Any CPU.ActiveCfg = Debug|Any CPU
		{B66D04C1-1300-4CDA-991E-7816B8B52E69}.Debug|Any CPU.Build.0 = Debug|Any CPU
		{B66D04C1-1300-4CDA-991E-7816B8B52E69}.Release|Any CPU.ActiveCfg = Release|Any CPU
		{B66D04C1-1300-4CDA-991E-7816B8B52E69}.Release|Any CPU.Build.0 = Release|Any CPU
	EndGlobalSection
	GlobalSection(SolutionProperties) = preSolution
		HideSolutionNode = FALSE
	EndGlobalSection
	GlobalSection(ExtensibilityGlobals) = postSolution
		SolutionGuid = {51013285-E390-4416-8094-4E861E9D5150}
	EndGlobalSection
EndGlobal
