
Microsoft Visual Studio Solution File, Format Version 12.00
# Visual Studio Version 17
VisualStudioVersion = 17.13.35919.96 d17.13
MinimumVisualStudioVersion = 10.0.40219.1
Project("{FAE04EC0-301F-11D3-BF4B-00C04F79EFBC}") = "Practica 19", "Practica 19.csproj", "{D2593934-B0F6-4FD3-A9D9-9DCC88D66A5F}"
EndProject
Global
	GlobalSection(SolutionConfigurationPlatforms) = preSolution
		Debug|Any CPU = Debug|Any CPU
		Release|Any CPU = Release|Any CPU
	EndGlobalSection
	GlobalSection(ProjectConfigurationPlatforms) = postSolution
		{D2593934-B0F6-4FD3-A9D9-9DCC88D66A5F}.Debug|Any CPU.ActiveCfg = Debug|Any CPU
		{D2593934-B0F6-4FD3-A9D9-9DCC88D66A5F}.Debug|Any CPU.Build.0 = Debug|Any CPU
		{D2593934-B0F6-4FD3-A9D9-9DCC88D66A5F}.Release|Any CPU.ActiveCfg = Release|Any CPU
		{D2593934-B0F6-4FD3-A9D9-9DCC88D66A5F}.Release|Any CPU.Build.0 = Release|Any CPU
	EndGlobalSection
	GlobalSection(SolutionProperties) = preSolution
		HideSolutionNode = FALSE
	EndGlobalSection
	GlobalSection(ExtensibilityGlobals) = postSolution
		SolutionGuid = {11BC752E-C3E9-48C2-805E-39125C3A7E72}
	EndGlobalSection
EndGlobal
