
Microsoft Visual Studio Solution File, Format Version 12.00
# Visual Studio Version 17
VisualStudioVersion = 17.13.35919.96 d17.13
MinimumVisualStudioVersion = 10.0.40219.1
Project("{FAE04EC0-301F-11D3-BF4B-00C04F79EFBC}") = "Practica 2", "Practica 2\Practica 2.csproj", "{148C6F01-B1E5-4AF1-A249-7366C7F93C67}"
EndProject
Global
	GlobalSection(SolutionConfigurationPlatforms) = preSolution
		Debug|Any CPU = Debug|Any CPU
		Release|Any CPU = Release|Any CPU
	EndGlobalSection
	GlobalSection(ProjectConfigurationPlatforms) = postSolution
		{148C6F01-B1E5-4AF1-A249-7366C7F93C67}.Debug|Any CPU.ActiveCfg = Debug|Any CPU
		{148C6F01-B1E5-4AF1-A249-7366C7F93C67}.Debug|Any CPU.Build.0 = Debug|Any CPU
		{148C6F01-B1E5-4AF1-A249-7366C7F93C67}.Release|Any CPU.ActiveCfg = Release|Any CPU
		{148C6F01-B1E5-4AF1-A249-7366C7F93C67}.Release|Any CPU.Build.0 = Release|Any CPU
	EndGlobalSection
	GlobalSection(SolutionProperties) = preSolution
		HideSolutionNode = FALSE
	EndGlobalSection
	GlobalSection(ExtensibilityGlobals) = postSolution
		SolutionGuid = {217D110F-9676-43AE-B10C-E85EED21952B}
	EndGlobalSection
EndGlobal
